{
  "version": 1,
  "dependencies": {
    "net10.0": {
      "PKHeX.Core": {
        "type": "Direct",
        "requested": "[26.1.31, )",
        "resolved": "26.1.31",
        "contentHash": "8kGectmzE7157eTSgOgg79XkG0GKgMWnYjgXUIraDvomn2UdHFKQfxFeZMnqtOUmNiY1ddrPDDLB0xGTUM+q7g=="
      }
    }
  }
}