{
  "version": 1,
  "dependencies": {
    "net9.0": {
      "PKHeX.Core": {
        "type": "Direct",
        "requested": "[25.8.31, )",
        "resolved": "25.8.31",
        "contentHash": "Umm6C6psBjI9JXCqpGQY9CgyfsoeGPSCJkr8Z5Fa3Ka/A+OZYVjsuQkQV26CwS4iN8FeW7da4hg7M/rDJi9Vxg=="
      }
    }
  }
}